# This file was autogenerated by Stack.
# You should not edit this file by hand.
# For more information, please see the documentation at:
#   https://docs.haskellstack.org/en/stable/lock_files

packages:
- completed:
    hackage: http-conduit-2.3.8.3@sha256:82f7d4d5d1d4d9bf99c008ee91c221952560096161c77577fa941e799d3d3677,3211
    pantry-tree:
      sha256: b0e83785aa6c973466c2fe192cba2bee6d0fbb1a944d2cdcae29630760ca59c6
      size: 784
  original:
    hackage: http-conduit-2.3.8.3@sha256:82f7d4d5d1d4d9bf99c008ee91c221952560096161c77577fa941e799d3d3677,3211
snapshots:
- completed:
    sha256: 8017c7970c2a8a9510c60cc70ac245d59e0c34eb932b91d37af09fe59855d854
    size: 640038
    url: https://raw.githubusercontent.com/commercialhaskell/stackage-snapshots/master/lts/21/13.yaml
  original: lts-21.13
